
Microsoft Visual Studio Solution File, Format Version 12.00
# Visual Studio Version 16
VisualStudioVersion = 16.0.28803.202
MinimumVisualStudioVersion = 10.0.40219.1
Project("{FAE04EC0-301F-11D3-BF4B-00C04F79EFBC}") = "SehirRehberi2.API", "SehirRehberi2.API\SehirRehberi2.API.csproj", "{1FC5D369-2688-4394-AA12-A8EBA2145F0A}"
EndProject
Global
	GlobalSection(SolutionConfigurationPlatforms) = preSolution
		Debug|Any CPU = Debug|Any CPU
		Release|Any CPU = Release|Any CPU
	EndGlobalSection
	GlobalSection(ProjectConfigurationPlatforms) = postSolution
		{1FC5D369-2688-4394-AA12-A8EBA2145F0A}.Debug|Any CPU.ActiveCfg = Debug|Any CPU
		{1FC5D369-2688-4394-AA12-A8EBA2145F0A}.Debug|Any CPU.Build.0 = Debug|Any CPU
		{1FC5D369-2688-4394-AA12-A8EBA2145F0A}.Release|Any CPU.ActiveCfg = Release|Any CPU
		{1FC5D369-2688-4394-AA12-A8EBA2145F0A}.Release|Any CPU.Build.0 = Release|Any CPU
	EndGlobalSection
	GlobalSection(SolutionProperties) = preSolution
		HideSolutionNode = FALSE
	EndGlobalSection
	GlobalSection(ExtensibilityGlobals) = postSolution
		SolutionGuid = {0153FFCF-3DEA-4E07-91FD-793DF9A1130D}
	EndGlobalSection
EndGlobal
